Microsoft Visual Studio Solution File, Format Version 12.00
# Visual Studio Version 17
VisualStudioVersion = 17.0.31903.59
MinimumVisualStudioVersion = 10.0.40219.1
Project("{FAE04EC0-301F-11D3-BF4B-00C04F79EFBC}") = "LegoSpaceRTS.SimCore", "SimCore\LegoSpaceRTS.SimCore.csproj", "{39B59AC0-36B5-4AE2-B4F3-75C50F2543CF}"
EndProject
Project("{FAE04EC0-301F-11D3-BF4B-00C04F79EFBC}") = "HeadlessSim", "HeadlessSim\HeadlessSim.csproj", "{16FF1E11-BE81-49D8-B663-270560EADEB4}"
EndProject
Project("{FAE04EC0-301F-11D3-BF4B-00C04F79EFBC}") = "SimCore.Tests", "SimCore.Tests\SimCore.Tests.csproj", "{2B6F3634-9D1B-4881-AB30-0E2B711D33C3}"
EndProject
Project("{FAE04EC0-301F-11D3-BF4B-00C04F79EFBC}") = "ContentCompiler", "tools\ContentCompiler\ContentCompiler.csproj", "{6FC8D5A9-5E97-49A7-90DF-E5E5AC6A6E85}"
EndProject
Project("{FAE04EC0-301F-11D3-BF4B-00C04F79EFBC}") = "LEGO.SpaceRTS.Godot", "GodotClient\LEGO.SpaceRTS.Godot.csproj", "{A4A7F134-0B77-4B32-8FD3-2FE1669D39DE}"
EndProject
Global
  GlobalSection(SolutionConfigurationPlatforms) = preSolution
    Debug|Any CPU = Debug|Any CPU
    Release|Any CPU = Release|Any CPU
  EndGlobalSection
  GlobalSection(ProjectConfigurationPlatforms) = postSolution
    {39B59AC0-36B5-4AE2-B4F3-75C50F2543CF}.Debug|Any CPU.ActiveCfg = Debug|Any CPU
    {39B59AC0-36B5-4AE2-B4F3-75C50F2543CF}.Debug|Any CPU.Build.0 = Debug|Any CPU
    {39B59AC0-36B5-4AE2-B4F3-75C50F2543CF}.Release|Any CPU.ActiveCfg = Release|Any CPU
    {39B59AC0-36B5-4AE2-B4F3-75C50F2543CF}.Release|Any CPU.Build.0 = Release|Any CPU
    {16FF1E11-BE81-49D8-B663-270560EADEB4}.Debug|Any CPU.ActiveCfg = Debug|Any CPU
    {16FF1E11-BE81-49D8-B663-270560EADEB4}.Debug|Any CPU.Build.0 = Debug|Any CPU
    {16FF1E11-BE81-49D8-B663-270560EADEB4}.Release|Any CPU.ActiveCfg = Release|Any CPU
    {16FF1E11-BE81-49D8-B663-270560EADEB4}.Release|Any CPU.Build.0 = Release|Any CPU
    {2B6F3634-9D1B-4881-AB30-0E2B711D33C3}.Debug|Any CPU.ActiveCfg = Debug|Any CPU
    {2B6F3634-9D1B-4881-AB30-0E2B711D33C3}.Debug|Any CPU.Build.0 = Debug|Any CPU
    {2B6F3634-9D1B-4881-AB30-0E2B711D33C3}.Release|Any CPU.ActiveCfg = Release|Any CPU
    {2B6F3634-9D1B-4881-AB30-0E2B711D33C3}.Release|Any CPU.Build.0 = Release|Any CPU
    {6FC8D5A9-5E97-49A7-90DF-E5E5AC6A6E85}.Debug|Any CPU.ActiveCfg = Debug|Any CPU
    {6FC8D5A9-5E97-49A7-90DF-E5E5AC6A6E85}.Debug|Any CPU.Build.0 = Debug|Any CPU
    {6FC8D5A9-5E97-49A7-90DF-E5E5AC6A6E85}.Release|Any CPU.ActiveCfg = Release|Any CPU
    {6FC8D5A9-5E97-49A7-90DF-E5E5AC6A6E85}.Release|Any CPU.Build.0 = Release|Any CPU
    {A4A7F134-0B77-4B32-8FD3-2FE1669D39DE}.Debug|Any CPU.ActiveCfg = Debug|Any CPU
    {A4A7F134-0B77-4B32-8FD3-2FE1669D39DE}.Debug|Any CPU.Build.0 = Debug|Any CPU
    {A4A7F134-0B77-4B32-8FD3-2FE1669D39DE}.Release|Any CPU.ActiveCfg = Release|Any CPU
    {A4A7F134-0B77-4B32-8FD3-2FE1669D39DE}.Release|Any CPU.Build.0 = Release|Any CPU
  EndGlobalSection
EndGlobal
